
Microsoft Visual Studio Solution File, Format Version 12.00
# Visual Studio 15
VisualStudioVersion = 15.0.28010.2003
MinimumVisualStudioVersion = 10.0.40219.1
Project("{FAE04EC0-301F-11D3-BF4B-00C04F79EFBC}") = "HelloWorld", "HelloWorld\HelloWorld.csproj", "{33728276-E3E7-46C8-B5C3-AD61E3BEF9A6}"
EndProject
Global
	GlobalSection(SolutionConfigurationPlatforms) = preSolution
		Debug|Any CPU = Debug|Any CPU
		Release|Any CPU = Release|Any CPU
	EndGlobalSection
	GlobalSection(ProjectConfigurationPlatforms) = postSolution
		{33728276-E3E7-46C8-B5C3-AD61E3BEF9A6}.Debug|Any CPU.ActiveCfg = Debug|Any CPU
		{33728276-E3E7-46C8-B5C3-AD61E3BEF9A6}.Debug|Any CPU.Build.0 = Debug|Any CPU
		{33728276-E3E7-46C8-B5C3-AD61E3BEF9A6}.Release|Any CPU.ActiveCfg = Release|Any CPU
		{33728276-E3E7-46C8-B5C3-AD61E3BEF9A6}.Release|Any CPU.Build.0 = Release|Any CPU
	EndGlobalSection
	GlobalSection(SolutionProperties) = preSolution
		HideSolutionNode = FALSE
	EndGlobalSection
	GlobalSection(ExtensibilityGlobals) = postSolution
		SolutionGuid = {DC43A38B-9A95-40DB-A6FA-FA1295DD9EB4}
	EndGlobalSection
EndGlobal
